// !$*UTF8*$!
{
	archiveVersion = 1;
	classes = {
	};
	objectVersion = 50;
	objects = {

/* Begin PBXBuildFile section */
		40B7CDE32AC2CCE087E128AC /* Pods_RxSwiftDemoTests.framework in Frameworks */ = {isa = PBXBuildFile; fileRef = 44942E9241CE2F696C7E45BE /* Pods_RxSwiftDemoTests.framework */; };
		7263401FD881DEE150AD609A /* Pods_RxSwiftDemo.framework in Frameworks */ = {isa = PBXBuildFile; fileRef = C0B80E7D4C2495EAE6982F47 /* Pods_RxSwiftDemo.framework */; };
		99544AAE2241107C00F459AC /* AppDelegate.swift in Sources */ = {isa = PBXBuildFile; fileRef = 99544AAD2241107C00F459AC /* AppDelegate.swift */; };
		99544AB02241107C00F459AC /* ViewController.swift in Sources */ = {isa = PBXBuildFile; fileRef = 99544AAF2241107C00F459AC /* ViewController.swift */; };
		99544AB32241107C00F459AC /* Main.storyboard in Resources */ = {isa = PBXBuildFile; fileRef = 99544AB12241107C00F459AC /* Main.storyboard */; };
		99544AB52241107D00F459AC /* Assets.xcassets in Resources */ = {isa = PBXBuildFile; fileRef = 99544AB42241107D00F459AC /* Assets.xcassets */; };
		99544AB82241107D00F459AC /* LaunchScreen.storyboard in Resources */ = {isa = PBXBuildFile; fileRef = 99544AB62241107D00F459AC /* LaunchScreen.storyboard */; };
		99544AC32241107D00F459AC /* RxSwiftDemoTests.swift in Sources */ = {isa = PBXBuildFile; fileRef = 99544AC22241107D00F459AC /* RxSwiftDemoTests.swift */; };
		99544ACE224141BC00F459AC /* ViewBinding.swift in Sources */ = {isa = PBXBuildFile; fileRef = 99544ACD224141BC00F459AC /* ViewBinding.swift */; };
		99544AD0224141EE00F459AC /* ViewModel.swift in Sources */ = {isa = PBXBuildFile; fileRef = 99544ACF224141EE00F459AC /* ViewModel.swift */; };
		99544AD22241420B00F459AC /* Repo.swift in Sources */ = {isa = PBXBuildFile; fileRef = 99544AD12241420B00F459AC /* Repo.swift */; };
		99DB7C67226EDD00002498EC /* Interface.storyboard in Resources */ = {isa = PBXBuildFile; fileRef = 99DB7C65226EDD00002498EC /* Interface.storyboard */; };
		99DB7C69226EDD03002498EC /* Assets.xcassets in Resources */ = {isa = PBXBuildFile; fileRef = 99DB7C68226EDD03002498EC /* Assets.xcassets */; };
		99DB7C70226EDD03002498EC /* RxSwiftWatch Extension.appex in Embed App Extensions */ = {isa = PBXBuildFile; fileRef = 99DB7C6F226EDD03002498EC /* RxSwiftWatch Extension.appex */; settings = {ATTRIBUTES = (RemoveHeadersOnCopy, ); }; };
		99DB7C75226EDD03002498EC /* InterfaceController.swift in Sources */ = {isa = PBXBuildFile; fileRef = 99DB7C74226EDD03002498EC /* InterfaceController.swift */; };
		99DB7C77226EDD03002498EC /* ExtensionDelegate.swift in Sources */ = {isa = PBXBuildFile; fileRef = 99DB7C76226EDD03002498EC /* ExtensionDelegate.swift */; };
		99DB7C79226EDD04002498EC /* Assets.xcassets in Resources */ = {isa = PBXBuildFile; fileRef = 99DB7C78226EDD04002498EC /* Assets.xcassets */; };
		99DB7C7D226EDD04002498EC /* RxSwiftWatch.app in Embed Watch Content */ = {isa = PBXBuildFile; fileRef = 99DB7C63226EDD00002498EC /* RxSwiftWatch.app */; };
		99DB7C87226EE1AE002498EC /* SessionHandler.swift in Sources */ = {isa = PBXBuildFile; fileRef = 99DB7C86226EE1AE002498EC /* SessionHandler.swift */; };
/* End PBXBuildFile section */

/* Begin PBXContainerItemProxy section */
		99544ABF2241107D00F459AC /* PBXContainerItemProxy */ = {
			isa = PBXContainerItemProxy;
			containerPortal = 99544AA22241107C00F459AC /* Project object */;
			proxyType = 1;
			remoteGlobalIDString = 99544AA92241107C00F459AC;
			remoteInfo = RxSwiftDemo;
		};
		99DB7C71226EDD03002498EC /* PBXContainerItemProxy */ = {
			isa = PBXContainerItemProxy;
			containerPortal = 99544AA22241107C00F459AC /* Project object */;
			proxyType = 1;
			remoteGlobalIDString = 99DB7C6E226EDD03002498EC;
			remoteInfo = "RxSwiftWatch Extension";
		};
		99DB7C7B226EDD04002498EC /* PBXContainerItemProxy */ = {
			isa = PBXContainerItemProxy;
			containerPortal = 99544AA22241107C00F459AC /* Project object */;
			proxyType = 1;
			remoteGlobalIDString = 99DB7C62226EDD00002498EC;
			remoteInfo = RxSwiftWatch;
		};
/* End PBXContainerItemProxy section */

/* Begin PBXCopyFilesBuildPhase section */
		99DB7C83226EDD04002498EC /* Embed App Extensions */ = {
			isa = PBXCopyFilesBuildPhase;
			buildActionMask = 2147483647;
			dstPath = "";
			dstSubfolderSpec = 13;
			files = (
				99DB7C70226EDD03002498EC /* RxSwiftWatch Extension.appex in Embed App Extensions */,
			);
			name = "Embed App Extensions";
			runOnlyForDeploymentPostprocessing = 0;
		};
		99DB7C85226EDD04002498EC /* Embed Watch Content */ = {
			isa = PBXCopyFilesBuildPhase;
			buildActionMask = 2147483647;
			dstPath = "$(CONTENTS_FOLDER_PATH)/Watch";
			dstSubfolderSpec = 16;
			files = (
				99DB7C7D226EDD04002498EC /* RxSwiftWatch.app in Embed Watch Content */,
			);
			name = "Embed Watch Content";
			runOnlyForDeploymentPostprocessing = 0;
		};
/* End PBXCopyFilesBuildPhase section */

/* Begin PBXFileReference section */
		24F1A9F60B8450D74AB95925 /* Pods-RxSwiftDemo.debug.xcconfig */ = {isa = PBXFileReference; includeInIndex = 1; lastKnownFileType = text.xcconfig; name = "Pods-RxSwiftDemo.debug.xcconfig"; path = "Target Support Files/Pods-RxSwiftDemo/Pods-RxSwiftDemo.debug.xcconfig"; sourceTree = "<group>"; };
		44942E9241CE2F696C7E45BE /* Pods_RxSwiftDemoTests.framework */ = {isa = PBXFileReference; explicitFileType = wrapper.framework; includeInIndex = 0; path = Pods_RxSwiftDemoTests.framework; sourceTree = BUILT_PRODUCTS_DIR; };
		58063D11E21FEEF9F8917CB5 /* Pods-RxSwiftDemoTests.debug.xcconfig */ = {isa = PBXFileReference; includeInIndex = 1; lastKnownFileType = text.xcconfig; name = "Pods-RxSwiftDemoTests.debug.xcconfig"; path = "Target Support Files/Pods-RxSwiftDemoTests/Pods-RxSwiftDemoTests.debug.xcconfig"; sourceTree = "<group>"; };
		777F16525C40857374FDE4E3 /* Pods-RxSwiftDemo.release.xcconfig */ = {isa = PBXFileReference; includeInIndex = 1; lastKnownFileType = text.xcconfig; name = "Pods-RxSwiftDemo.release.xcconfig"; path = "Target Support Files/Pods-RxSwiftDemo/Pods-RxSwiftDemo.release.xcconfig"; sourceTree = "<group>"; };
		99544AAA2241107C00F459AC /* RxSwiftDemo.app */ = {isa = PBXFileReference; explicitFileType = wrapper.application; includeInIndex = 0; path = RxSwiftDemo.app; sourceTree = BUILT_PRODUCTS_DIR; };
		99544AAD2241107C00F459AC /* AppDelegate.swift */ = {isa = PBXFileReference; lastKnownFileType = sourcecode.swift; path = AppDelegate.swift; sourceTree = "<group>"; };
		99544AAF2241107C00F459AC /* ViewController.swift */ = {isa = PBXFileReference; lastKnownFileType = sourcecode.swift; path = ViewController.swift; sourceTree = "<group>"; };
		99544AB22241107C00F459AC /* Base */ = {isa = PBXFileReference; lastKnownFileType = file.storyboard; name = Base; path = Base.lproj/Main.storyboard; sourceTree = "<group>"; };
		99544AB42241107D00F459AC /* Assets.xcassets */ = {isa = PBXFileReference; lastKnownFileType = folder.assetcatalog; path = Assets.xcassets; sourceTree = "<group>"; };
		99544AB72241107D00F459AC /* Base */ = {isa = PBXFileReference; lastKnownFileType = file.storyboard; name = Base; path = Base.lproj/LaunchScreen.storyboard; sourceTree = "<group>"; };
		99544AB92241107D00F459AC /* Info.plist */ = {isa = PBXFileReference; lastKnownFileType = text.plist.xml; path = Info.plist; sourceTree = "<group>"; };
		99544ABE2241107D00F459AC /* RxSwiftDemoTests.xctest */ = {isa = PBXFileReference; explicitFileType = wrapper.cfbundle; includeInIndex = 0; path = RxSwiftDemoTests.xctest; sourceTree = BUILT_PRODUCTS_DIR; };
		99544AC22241107D00F459AC /* RxSwiftDemoTests.swift */ = {isa = PBXFileReference; lastKnownFileType = sourcecode.swift; path = RxSwiftDemoTests.swift; sourceTree = "<group>"; };
		99544AC42241107D00F459AC /* Info.plist */ = {isa = PBXFileReference; lastKnownFileType = text.plist.xml; path = Info.plist; sourceTree = "<group>"; };
		99544ACD224141BC00F459AC /* ViewBinding.swift */ = {isa = PBXFileReference; lastKnownFileType = sourcecode.swift; path = ViewBinding.swift; sourceTree = "<group>"; };
		99544ACF224141EE00F459AC /* ViewModel.swift */ = {isa = PBXFileReference; lastKnownFileType = sourcecode.swift; path = ViewModel.swift; sourceTree = "<group>"; };
		99544AD12241420B00F459AC /* Repo.swift */ = {isa = PBXFileReference; lastKnownFileType = sourcecode.swift; path = Repo.swift; sourceTree = "<group>"; };
		99DB7C63226EDD00002498EC /* RxSwiftWatch.app */ = {isa = PBXFileReference; explicitFileType = wrapper.application; includeInIndex = 0; path = RxSwiftWatch.app; sourceTree = BUILT_PRODUCTS_DIR; };
		99DB7C66226EDD00002498EC /* Base */ = {isa = PBXFileReference; lastKnownFileType = file.storyboard; name = Base; path = Base.lproj/Interface.storyboard; sourceTree = "<group>"; };
		99DB7C68226EDD03002498EC /* Assets.xcassets */ = {isa = PBXFileReference; lastKnownFileType = folder.assetcatalog; path = Assets.xcassets; sourceTree = "<group>"; };
		99DB7C6A226EDD03002498EC /* Info.plist */ = {isa = PBXFileReference; lastKnownFileType = text.plist.xml; path = Info.plist; sourceTree = "<group>"; };
		99DB7C6F226EDD03002498EC /* RxSwiftWatch Extension.appex */ = {isa = PBXFileReference; explicitFileType = "wrapper.app-extension"; includeInIndex = 0; path = "RxSwiftWatch Extension.appex"; sourceTree = BUILT_PRODUCTS_DIR; };
		99DB7C74226EDD03002498EC /* InterfaceController.swift */ = {isa = PBXFileReference; lastKnownFileType = sourcecode.swift; path = InterfaceController.swift; sourceTree = "<group>"; };
		99DB7C76226EDD03002498EC /* ExtensionDelegate.swift */ = {isa = PBXFileReference; lastKnownFileType = sourcecode.swift; path = ExtensionDelegate.swift; sourceTree = "<group>"; };
		99DB7C78226EDD04002498EC /* Assets.xcassets */ = {isa = PBXFileReference; lastKnownFileType = folder.assetcatalog; path = Assets.xcassets; sourceTree = "<group>"; };
		99DB7C7A226EDD04002498EC /* Info.plist */ = {isa = PBXFileReference; lastKnownFileType = text.plist.xml; path = Info.plist; sourceTree = "<group>"; };
		99DB7C86226EE1AE002498EC /* SessionHandler.swift */ = {isa = PBXFileReference; lastKnownFileType = sourcecode.swift; path = SessionHandler.swift; sourceTree = "<group>"; };
		C0B80E7D4C2495EAE6982F47 /* Pods_RxSwiftDemo.framework */ = {isa = PBXFileReference; explicitFileType = wrapper.framework; includeInIndex = 0; path = Pods_RxSwiftDemo.framework; sourceTree = BUILT_PRODUCTS_DIR; };
		D6F2586851330E3FE1A4EBEA /* Pods-RxSwiftDemoTests.release.xcconfig */ = {isa = PBXFileReference; includeInIndex = 1; lastKnownFileType = text.xcconfig; name = "Pods-RxSwiftDemoTests.release.xcconfig"; path = "Target Support Files/Pods-RxSwiftDemoTests/Pods-RxSwiftDemoTests.release.xcconfig"; sourceTree = "<group>"; };
/* End PBXFileReference section */

/* Begin PBXFrameworksBuildPhase section */
		99544AA72241107C00F459AC /* Frameworks */ = {
			isa = PBXFrameworksBuildPhase;
			buildActionMask = 2147483647;
			files = (
				7263401FD881DEE150AD609A /* Pods_RxSwiftDemo.framework in Frameworks */,
			);
			runOnlyForDeploymentPostprocessing = 0;
		};
		99544ABB2241107D00F459AC /* Frameworks */ = {
			isa = PBXFrameworksBuildPhase;
			buildActionMask = 2147483647;
			files = (
				40B7CDE32AC2CCE087E128AC /* Pods_RxSwiftDemoTests.framework in Frameworks */,
			);
			runOnlyForDeploymentPostprocessing = 0;
		};
		99DB7C6C226EDD03002498EC /* Frameworks */ = {
			isa = PBXFrameworksBuildPhase;
			buildActionMask = 2147483647;
			files = (
			);
			runOnlyForDeploymentPostprocessing = 0;
		};
/* End PBXFrameworksBuildPhase section */

/* Begin PBXGroup section */
		2FDC7AE0283AD370E42788B6 /* Pods */ = {
			isa = PBXGroup;
			children = (
				24F1A9F60B8450D74AB95925 /* Pods-RxSwiftDemo.debug.xcconfig */,
				777F16525C40857374FDE4E3 /* Pods-RxSwiftDemo.release.xcconfig */,
				58063D11E21FEEF9F8917CB5 /* Pods-RxSwiftDemoTests.debug.xcconfig */,
				D6F2586851330E3FE1A4EBEA /* Pods-RxSwiftDemoTests.release.xcconfig */,
			);
			path = Pods;
			sourceTree = "<group>";
		};
		99544AA12241107C00F459AC = {
			isa = PBXGroup;
			children = (
				99544AAC2241107C00F459AC /* RxSwiftDemo */,
				99544AC12241107D00F459AC /* RxSwiftDemoTests */,
				99DB7C64226EDD00002498EC /* RxSwiftWatch */,
				99DB7C73226EDD03002498EC /* RxSwiftWatch Extension */,
				99544AAB2241107C00F459AC /* Products */,
				2FDC7AE0283AD370E42788B6 /* Pods */,
				F270BB81691D205FA3331804 /* Frameworks */,
			);
			sourceTree = "<group>";
		};
		99544AAB2241107C00F459AC /* Products */ = {
			isa = PBXGroup;
			children = (
				99544AAA2241107C00F459AC /* RxSwiftDemo.app */,
				99544ABE2241107D00F459AC /* RxSwiftDemoTests.xctest */,
				99DB7C63226EDD00002498EC /* RxSwiftWatch.app */,
				99DB7C6F226EDD03002498EC /* RxSwiftWatch Extension.appex */,
			);
			name = Products;
			sourceTree = "<group>";
		};
		99544AAC2241107C00F459AC /* RxSwiftDemo */ = {
			isa = PBXGroup;
			children = (
				99544AAD2241107C00F459AC /* AppDelegate.swift */,
				99544AAF2241107C00F459AC /* ViewController.swift */,
				99544AB12241107C00F459AC /* Main.storyboard */,
				99544AB42241107D00F459AC /* Assets.xcassets */,
				99544AB62241107D00F459AC /* LaunchScreen.storyboard */,
				99544AB92241107D00F459AC /* Info.plist */,
				99544ACD224141BC00F459AC /* ViewBinding.swift */,
				99544ACF224141EE00F459AC /* ViewModel.swift */,
				99544AD12241420B00F459AC /* Repo.swift */,
				99DB7C86226EE1AE002498EC /* SessionHandler.swift */,
			);
			path = RxSwiftDemo;
			sourceTree = "<group>";
		};
		99544AC12241107D00F459AC /* RxSwiftDemoTests */ = {
			isa = PBXGroup;
			children = (
				99544AC22241107D00F459AC /* RxSwiftDemoTests.swift */,
				99544AC42241107D00F459AC /* Info.plist */,
			);
			path = RxSwiftDemoTests;
			sourceTree = "<group>";
		};
		99DB7C64226EDD00002498EC /* RxSwiftWatch */ = {
			isa = PBXGroup;
			children = (
				99DB7C65226EDD00002498EC /* Interface.storyboard */,
				99DB7C68226EDD03002498EC /* Assets.xcassets */,
				99DB7C6A226EDD03002498EC /* Info.plist */,
			);
			path = RxSwiftWatch;
			sourceTree = "<group>";
		};
		99DB7C73226EDD03002498EC /* RxSwiftWatch Extension */ = {
			isa = PBXGroup;
			children = (
				99DB7C74226EDD03002498EC /* InterfaceController.swift */,
				99DB7C76226EDD03002498EC /* ExtensionDelegate.swift */,
				99DB7C78226EDD04002498EC /* Assets.xcassets */,
				99DB7C7A226EDD04002498EC /* Info.plist */,
			);
			path = "RxSwiftWatch Extension";
			sourceTree = "<group>";
		};
		F270BB81691D205FA3331804 /* Frameworks */ = {
			isa = PBXGroup;
			children = (
				C0B80E7D4C2495EAE6982F47 /* Pods_RxSwiftDemo.framework */,
				44942E9241CE2F696C7E45BE /* Pods_RxSwiftDemoTests.framework */,
			);
			name = Frameworks;
			sourceTree = "<group>";
		};
/* End PBXGroup section */

/* Begin PBXNativeTarget section */
		99544AA92241107C00F459AC /* RxSwiftDemo */ = {
			isa = PBXNativeTarget;
			buildConfigurationList = 99544AC72241107D00F459AC /* Build configuration list for PBXNativeTarget "RxSwiftDemo" */;
			buildPhases = (
				A966981A9FDAF83E308367E7 /* [CP] Check Pods Manifest.lock */,
				99544AA62241107C00F459AC /* Sources */,
				99544AA72241107C00F459AC /* Frameworks */,
				99544AA82241107C00F459AC /* Resources */,
				D0C5189025C319561368C70B /* [CP] Embed Pods Frameworks */,
				99DB7C85226EDD04002498EC /* Embed Watch Content */,
			);
			buildRules = (
			);
			dependencies = (
				99DB7C7C226EDD04002498EC /* PBXTargetDependency */,
			);
			name = RxSwiftDemo;
			productName = RxSwiftDemo;
			productReference = 99544AAA2241107C00F459AC /* RxSwiftDemo.app */;
			productType = "com.apple.product-type.application";
		};
		99544ABD2241107D00F459AC /* RxSwiftDemoTests */ = {
			isa = PBXNativeTarget;
			buildConfigurationList = 99544ACA2241107D00F459AC /* Build configuration list for PBXNativeTarget "RxSwiftDemoTests" */;
			buildPhases = (
				E46CBB88B894E94E12AB92FB /* [CP] Check Pods Manifest.lock */,
				99544ABA2241107D00F459AC /* Sources */,
				99544ABB2241107D00F459AC /* Frameworks */,
				99544ABC2241107D00F459AC /* Resources */,
				332E8CF602E05F0DAE9CAFAB /* [CP] Embed Pods Frameworks */,
			);
			buildRules = (
			);
			dependencies = (
				99544AC02241107D00F459AC /* PBXTargetDependency */,
			);
			name = RxSwiftDemoTests;
			productName = RxSwiftDemoTests;
			productReference = 99544ABE2241107D00F459AC /* RxSwiftDemoTests.xctest */;
			productType = "com.apple.product-type.bundle.unit-test";
		};
		99DB7C62226EDD00002498EC /* RxSwiftWatch */ = {
			isa = PBXNativeTarget;
			buildConfigurationList = 99DB7C84226EDD04002498EC /* Build configuration list for PBXNativeTarget "RxSwiftWatch" */;
			buildPhases = (
				99DB7C61226EDD00002498EC /* Resources */,
				99DB7C83226EDD04002498EC /* Embed App Extensions */,
			);
			buildRules = (
			);
			dependencies = (
				99DB7C72226EDD03002498EC /* PBXTargetDependency */,
			);
			name = RxSwiftWatch;
			productName = RxSwiftWatch;
			productReference = 99DB7C63226EDD00002498EC /* RxSwiftWatch.app */;
			productType = "com.apple.product-type.application.watchapp2";
		};
		99DB7C6E226EDD03002498EC /* RxSwiftWatch Extension */ = {
			isa = PBXNativeTarget;
			buildConfigurationList = 99DB7C82226EDD04002498EC /* Build configuration list for PBXNativeTarget "RxSwiftWatch Extension" */;
			buildPhases = (
				99DB7C6B226EDD03002498EC /* Sources */,
				99DB7C6C226EDD03002498EC /* Frameworks */,
				99DB7C6D226EDD03002498EC /* Resources */,
			);
			buildRules = (
			);
			dependencies = (
			);
			name = "RxSwiftWatch Extension";
			productName = "RxSwiftWatch Extension";
			productReference = 99DB7C6F226EDD03002498EC /* RxSwiftWatch Extension.appex */;
			productType = "com.apple.product-type.watchkit2-extension";
		};
/* End PBXNativeTarget section */

/* Begin PBXProject section */
		99544AA22241107C00F459AC /* Project object */ = {
			isa = PBXProject;
			attributes = {
				LastSwiftUpdateCheck = 1020;
				LastUpgradeCheck = 1010;
				ORGANIZATIONNAME = DVT;
				TargetAttributes = {
					99544AA92241107C00F459AC = {
						CreatedOnToolsVersion = 10.1;
					};
					99544ABD2241107D00F459AC = {
						CreatedOnToolsVersion = 10.1;
						TestTargetID = 99544AA92241107C00F459AC;
					};
					99DB7C62226EDD00002498EC = {
						CreatedOnToolsVersion = 10.2;
					};
					99DB7C6E226EDD03002498EC = {
						CreatedOnToolsVersion = 10.2;
					};
				};
			};
			buildConfigurationList = 99544AA52241107C00F459AC /* Build configuration list for PBXProject "RxSwiftDemo" */;
			compatibilityVersion = "Xcode 9.3";
			developmentRegion = en;
			hasScannedForEncodings = 0;
			knownRegions = (
				en,
				Base,
			);
			mainGroup = 99544AA12241107C00F459AC;
			productRefGroup = 99544AAB2241107C00F459AC /* Products */;
			projectDirPath = "";
			projectRoot = "";
			targets = (
				99544AA92241107C00F459AC /* RxSwiftDemo */,
				99544ABD2241107D00F459AC /* RxSwiftDemoTests */,
				99DB7C62226EDD00002498EC /* RxSwiftWatch */,
				99DB7C6E226EDD03002498EC /* RxSwiftWatch Extension */,
			);
		};
/* End PBXProject section */

/* Begin PBXResourcesBuildPhase section */
		99544AA82241107C00F459AC /* Resources */ = {
			isa = PBXResourcesBuildPhase;
			buildActionMask = 2147483647;
			files = (
				99544AB82241107D00F459AC /* LaunchScreen.storyboard in Resources */,
				99544AB52241107D00F459AC /* Assets.xcassets in Resources */,
				99544AB32241107C00F459AC /* Main.storyboard in Resources */,
			);
			runOnlyForDeploymentPostprocessing = 0;
		};
		99544ABC2241107D00F459AC /* Resources */ = {
			isa = PBXResourcesBuildPhase;
			buildActionMask = 2147483647;
			files = (
			);
			runOnlyForDeploymentPostprocessing = 0;
		};
		99DB7C61226EDD00002498EC /* Resources */ = {
			isa = PBXResourcesBuildPhase;
			buildActionMask = 2147483647;
			files = (
				99DB7C69226EDD03002498EC /* Assets.xcassets in Resources */,
				99DB7C67226EDD00002498EC /* Interface.storyboard in Resources */,
			);
			runOnlyForDeploymentPostprocessing = 0;
		};
		99DB7C6D226EDD03002498EC /* Resources */ = {
			isa = PBXResourcesBuildPhase;
			buildActionMask = 2147483647;
			files = (
				99DB7C79226EDD04002498EC /* Assets.xcassets in Resources */,
			);
			runOnlyForDeploymentPostprocessing = 0;
		};
/* End PBXResourcesBuildPhase section */

/* Begin PBXShellScriptBuildPhase section */
		332E8CF602E05F0DAE9CAFAB /* [CP] Embed Pods Frameworks */ = {
			isa = PBXShellScriptBuildPhase;
			buildActionMask = 2147483647;
			files = (
			);
			inputFileListPaths = (
			);
			inputPaths = (
				"${PODS_ROOT}/Target Support Files/Pods-RxSwiftDemoTests/Pods-RxSwiftDemoTests-frameworks.sh",
				"${BUILT_PRODUCTS_DIR}/RxAtomic/RxAtomic.framework",
				"${BUILT_PRODUCTS_DIR}/RxSwift/RxSwift.framework",
				"${BUILT_PRODUCTS_DIR}/RxBlocking/RxBlocking.framework",
				"${BUILT_PRODUCTS_DIR}/RxTest/RxTest.framework",
			);
			name = "[CP] Embed Pods Frameworks";
			outputFileListPaths = (
			);
			outputPaths = (
				"${TARGET_BUILD_DIR}/${FRAMEWORKS_FOLDER_PATH}/RxAtomic.framework",
				"${TARGET_BUILD_DIR}/${FRAMEWORKS_FOLDER_PATH}/RxSwift.framework",
				"${TARGET_BUILD_DIR}/${FRAMEWORKS_FOLDER_PATH}/RxBlocking.framework",
				"${TARGET_BUILD_DIR}/${FRAMEWORKS_FOLDER_PATH}/RxTest.framework",
			);
			runOnlyForDeploymentPostprocessing = 0;
			shellPath = /bin/sh;
			shellScript = "\"${PODS_ROOT}/Target Support Files/Pods-RxSwiftDemoTests/Pods-RxSwiftDemoTests-frameworks.sh\"\n";
			showEnvVarsInLog = 0;
		};
		A966981A9FDAF83E308367E7 /* [CP] Check Pods Manifest.lock */ = {
			isa = PBXShellScriptBuildPhase;
			buildActionMask = 2147483647;
			files = (
			);
			inputFileListPaths = (
			);
			inputPaths = (
				"${PODS_PODFILE_DIR_PATH}/Podfile.lock",
				"${PODS_ROOT}/Manifest.lock",
			);
			name = "[CP] Check Pods Manifest.lock";
			outputFileListPaths = (
			);
			outputPaths = (
				"$(DERIVED_FILE_DIR)/Pods-RxSwiftDemo-checkManifestLockResult.txt",
			);
			runOnlyForDeploymentPostprocessing = 0;
			shellPath = /bin/sh;
			shellScript = "diff \"${PODS_PODFILE_DIR_PATH}/Podfile.lock\" \"${PODS_ROOT}/Manifest.lock\" > /dev/null\nif [ $? != 0 ] ; then\n    # print error to STDERR\n    echo \"error: The sandbox is not in sync with the Podfile.lock. Run 'pod install' or update your CocoaPods installation.\" >&2\n    exit 1\nfi\n# This output is used by Xcode 'outputs' to avoid re-running this script phase.\necho \"SUCCESS\" > \"${SCRIPT_OUTPUT_FILE_0}\"\n";
			showEnvVarsInLog = 0;
		};
		D0C5189025C319561368C70B /* [CP] Embed Pods Frameworks */ = {
			isa = PBXShellScriptBuildPhase;
			buildActionMask = 2147483647;
			files = (
			);
			inputFileListPaths = (
			);
			inputPaths = (
				"${PODS_ROOT}/Target Support Files/Pods-RxSwiftDemo/Pods-RxSwiftDemo-frameworks.sh",
				"${BUILT_PRODUCTS_DIR}/RxAtomic/RxAtomic.framework",
				"${BUILT_PRODUCTS_DIR}/RxCocoa/RxCocoa.framework",
				"${BUILT_PRODUCTS_DIR}/RxSwift/RxSwift.framework",
			);
			name = "[CP] Embed Pods Frameworks";
			outputFileListPaths = (
			);
			outputPaths = (
				"${TARGET_BUILD_DIR}/${FRAMEWORKS_FOLDER_PATH}/RxAtomic.framework",
				"${TARGET_BUILD_DIR}/${FRAMEWORKS_FOLDER_PATH}/RxCocoa.framework",
				"${TARGET_BUILD_DIR}/${FRAMEWORKS_FOLDER_PATH}/RxSwift.framework",
			);
			runOnlyForDeploymentPostprocessing = 0;
			shellPath = /bin/sh;
			shellScript = "\"${PODS_ROOT}/Target Support Files/Pods-RxSwiftDemo/Pods-RxSwiftDemo-frameworks.sh\"\n";
			showEnvVarsInLog = 0;
		};
		E46CBB88B894E94E12AB92FB /* [CP] Check Pods Manifest.lock */ = {
			isa = PBXShellScriptBuildPhase;
			buildActionMask = 2147483647;
			files = (
			);
			inputFileListPaths = (
			);
			inputPaths = (
				"${PODS_PODFILE_DIR_PATH}/Podfile.lock",
				"${PODS_ROOT}/Manifest.lock",
			);
			name = "[CP] Check Pods Manifest.lock";
			outputFileListPaths = (
			);
			outputPaths = (
				"$(DERIVED_FILE_DIR)/Pods-RxSwiftDemoTests-checkManifestLockResult.txt",
			);
			runOnlyForDeploymentPostprocessing = 0;
			shellPath = /bin/sh;
			shellScript = "diff \"${PODS_PODFILE_DIR_PATH}/Podfile.lock\" \"${PODS_ROOT}/Manifest.lock\" > /dev/null\nif [ $? != 0 ] ; then\n    # print error to STDERR\n    echo \"error: The sandbox is not in sync with the Podfile.lock. Run 'pod install' or update your CocoaPods installation.\" >&2\n    exit 1\nfi\n# This output is used by Xcode 'outputs' to avoid re-running this script phase.\necho \"SUCCESS\" > \"${SCRIPT_OUTPUT_FILE_0}\"\n";
			showEnvVarsInLog = 0;
		};
/* End PBXShellScriptBuildPhase section */

/* Begin PBXSourcesBuildPhase section */
		99544AA62241107C00F459AC /* Sources */ = {
			isa = PBXSourcesBuildPhase;
			buildActionMask = 2147483647;
			files = (
				99544ACE224141BC00F459AC /* ViewBinding.swift in Sources */,
				99DB7C87226EE1AE002498EC /* SessionHandler.swift in Sources */,
				99544AB02241107C00F459AC /* ViewController.swift in Sources */,
				99544AD22241420B00F459AC /* Repo.swift in Sources */,
				99544AD0224141EE00F459AC /* ViewModel.swift in Sources */,
				99544AAE2241107C00F459AC /* AppDelegate.swift in Sources */,
			);
			runOnlyForDeploymentPostprocessing = 0;
		};
		99544ABA2241107D00F459AC /* Sources */ = {
			isa = PBXSourcesBuildPhase;
			buildActionMask = 2147483647;
			files = (
				99544AC32241107D00F459AC /* RxSwiftDemoTests.swift in Sources */,
			);
			runOnlyForDeploymentPostprocessing = 0;
		};
		99DB7C6B226EDD03002498EC /* Sources */ = {
			isa = PBXSourcesBuildPhase;
			buildActionMask = 2147483647;
			files = (
				99DB7C77226EDD03002498EC /* ExtensionDelegate.swift in Sources */,
				99DB7C75226EDD03002498EC /* InterfaceController.swift in Sources */,
			);
			runOnlyForDeploymentPostprocessing = 0;
		};
/* End PBXSourcesBuildPhase section */

/* Begin PBXTargetDependency section */
		99544AC02241107D00F459AC /* PBXTargetDependency */ = {
			isa = PBXTargetDependency;
			target = 99544AA92241107C00F459AC /* RxSwiftDemo */;
			targetProxy = 99544ABF2241107D00F459AC /* PBXContainerItemProxy */;
		};
		99DB7C72226EDD03002498EC /* PBXTargetDependency */ = {
			isa = PBXTargetDependency;
			target = 99DB7C6E226EDD03002498EC /* RxSwiftWatch Extension */;
			targetProxy = 99DB7C71226EDD03002498EC /* PBXContainerItemProxy */;
		};
		99DB7C7C226EDD04002498EC /* PBXTargetDependency */ = {
			isa = PBXTargetDependency;
			target = 99DB7C62226EDD00002498EC /* RxSwiftWatch */;
			targetProxy = 99DB7C7B226EDD04002498EC /* PBXContainerItemProxy */;
		};
/* End PBXTargetDependency section */

/* Begin PBXVariantGroup section */
		99544AB12241107C00F459AC /* Main.storyboard */ = {
			isa = PBXVariantGroup;
			children = (
				99544AB22241107C00F459AC /* Base */,
			);
			name = Main.storyboard;
			sourceTree = "<group>";
		};
		99544AB62241107D00F459AC /* LaunchScreen.storyboard */ = {
			isa = PBXVariantGroup;
			children = (
				99544AB72241107D00F459AC /* Base */,
			);
			name = LaunchScreen.storyboard;
			sourceTree = "<group>";
		};
		99DB7C65226EDD00002498EC /* Interface.storyboard */ = {
			isa = PBXVariantGroup;
			children = (
				99DB7C66226EDD00002498EC /* Base */,
			);
			name = Interface.storyboard;
			sourceTree = "<group>";
		};
/* End PBXVariantGroup section */

/* Begin XCBuildConfiguration section */
		99544AC52241107D00F459AC /* Debug */ = {
			isa = XCBuildConfiguration;
			buildSettings = {
				ALWAYS_SEARCH_USER_PATHS = NO;
				CLANG_ANALYZER_NONNULL = YES;
				CLANG_ANALYZER_NUMBER_OBJECT_CONVERSION = YES_AGGRESSIVE;
				CLANG_CXX_LANGUAGE_STANDARD = "gnu++14";
				CLANG_CXX_LIBRARY = "libc++";
				CLANG_ENABLE_MODULES = YES;
				CLANG_ENABLE_OBJC_ARC = YES;
				CLANG_ENABLE_OBJC_WEAK = YES;
				CLANG_WARN_BLOCK_CAPTURE_AUTORELEASING = YES;
				CLANG_WARN_BOOL_CONVERSION = YES;
				CLANG_WARN_COMMA = YES;
				CLANG_WARN_CONSTANT_CONVERSION = YES;
				CLANG_WARN_DEPRECATED_OBJC_IMPLEMENTATIONS = YES;
				CLANG_WARN_DIRECT_OBJC_ISA_USAGE = YES_ERROR;
				CLANG_WARN_DOCUMENTATION_COMMENTS = YES;
				CLANG_WARN_EMPTY_BODY = YES;
				CLANG_WARN_ENUM_CONVERSION = YES;
				CLANG_WARN_INFINITE_RECURSION = YES;
				CLANG_WARN_INT_CONVERSION = YES;
				CLANG_WARN_NON_LITERAL_NULL_CONVERSION = YES;
				CLANG_WARN_OBJC_IMPLICIT_RETAIN_SELF = YES;
				CLANG_WARN_OBJC_LITERAL_CONVERSION = YES;
				CLANG_WARN_OBJC_ROOT_CLASS = YES_ERROR;
				CLANG_WARN_RANGE_LOOP_ANALYSIS = YES;
				CLANG_WARN_STRICT_PROTOTYPES = YES;
				CLANG_WARN_SUSPICIOUS_MOVE = YES;
				CLANG_WARN_UNGUARDED_AVAILABILITY = YES_AGGRESSIVE;
				CLANG_WARN_UNREACHABLE_CODE = YES;
				CLANG_WARN__DUPLICATE_METHOD_MATCH = YES;
				CODE_SIGN_IDENTITY = "iPhone Developer";
				COPY_PHASE_STRIP = NO;
				DEBUG_INFORMATION_FORMAT = dwarf;
				ENABLE_STRICT_OBJC_MSGSEND = YES;
				ENABLE_TESTABILITY = YES;
				GCC_C_LANGUAGE_STANDARD = gnu11;
				GCC_DYNAMIC_NO_PIC = NO;
				GCC_NO_COMMON_BLOCKS = YES;
				GCC_OPTIMIZATION_LEVEL = 0;
				GCC_PREPROCESSOR_DEFINITIONS = (
					"DEBUG=1",
					"$(inherited)",
				);
				GCC_WARN_64_TO_32_BIT_CONVERSION = YES;
				GCC_WARN_ABOUT_RETURN_TYPE = YES_ERROR;
				GCC_WARN_UNDECLARED_SELECTOR = YES;
				GCC_WARN_UNINITIALIZED_AUTOS = YES_AGGRESSIVE;
				GCC_WARN_UNUSED_FUNCTION = YES;
				GCC_WARN_UNUSED_VARIABLE = YES;
				IPHONEOS_DEPLOYMENT_TARGET = 12.1;
				MTL_ENABLE_DEBUG_INFO = INCLUDE_SOURCE;
				MTL_FAST_MATH = YES;
				ONLY_ACTIVE_ARCH = YES;
				SDKROOT = iphoneos;
				SWIFT_ACTIVE_COMPILATION_CONDITIONS = DEBUG;
				SWIFT_OPTIMIZATION_LEVEL = "-Onone";
			};
			name = Debug;
		};
		99544AC62241107D00F459AC /* Release */ = {
			isa = XCBuildConfiguration;
			buildSettings = {
				ALWAYS_SEARCH_USER_PATHS = NO;
				CLANG_ANALYZER_NONNULL = YES;
				CLANG_ANALYZER_NUMBER_OBJECT_CONVERSION = YES_AGGRESSIVE;
				CLANG_CXX_LANGUAGE_STANDARD = "gnu++14";
				CLANG_CXX_LIBRARY = "libc++";
				CLANG_ENABLE_MODULES = YES;
				CLANG_ENABLE_OBJC_ARC = YES;
				CLANG_ENABLE_OBJC_WEAK = YES;
				CLANG_WARN_BLOCK_CAPTURE_AUTORELEASING = YES;
				CLANG_WARN_BOOL_CONVERSION = YES;
				CLANG_WARN_COMMA = YES;
				CLANG_WARN_CONSTANT_CONVERSION = YES;
				CLANG_WARN_DEPRECATED_OBJC_IMPLEMENTATIONS = YES;
				CLANG_WARN_DIRECT_OBJC_ISA_USAGE = YES_ERROR;
				CLANG_WARN_DOCUMENTATION_COMMENTS = YES;
				CLANG_WARN_EMPTY_BODY = YES;
				CLANG_WARN_ENUM_CONVERSION = YES;
				CLANG_WARN_INFINITE_RECURSION = YES;
				CLANG_WARN_INT_CONVERSION = YES;
				CLANG_WARN_NON_LITERAL_NULL_CONVERSION = YES;
				CLANG_WARN_OBJC_IMPLICIT_RETAIN_SELF = YES;
				CLANG_WARN_OBJC_LITERAL_CONVERSION = YES;
				CLANG_WARN_OBJC_ROOT_CLASS = YES_ERROR;
				CLANG_WARN_RANGE_LOOP_ANALYSIS = YES;
				CLANG_WARN_STRICT_PROTOTYPES = YES;
				CLANG_WARN_SUSPICIOUS_MOVE = YES;
				CLANG_WARN_UNGUARDED_AVAILABILITY = YES_AGGRESSIVE;
				CLANG_WARN_UNREACHABLE_CODE = YES;
				CLANG_WARN__DUPLICATE_METHOD_MATCH = YES;
				CODE_SIGN_IDENTITY = "iPhone Developer";
				COPY_PHASE_STRIP = NO;
				DEBUG_INFORMATION_FORMAT = "dwarf-with-dsym";
				ENABLE_NS_ASSERTIONS = NO;
				ENABLE_STRICT_OBJC_MSGSEND = YES;
				GCC_C_LANGUAGE_STANDARD = gnu11;
				GCC_NO_COMMON_BLOCKS = YES;
				GCC_WARN_64_TO_32_BIT_CONVERSION = YES;
				GCC_WARN_ABOUT_RETURN_TYPE = YES_ERROR;
				GCC_WARN_UNDECLARED_SELECTOR = YES;
				GCC_WARN_UNINITIALIZED_AUTOS = YES_AGGRESSIVE;
				GCC_WARN_UNUSED_FUNCTION = YES;
				GCC_WARN_UNUSED_VARIABLE = YES;
				IPHONEOS_DEPLOYMENT_TARGET = 12.1;
				MTL_ENABLE_DEBUG_INFO = NO;
				MTL_FAST_MATH = YES;
				SDKROOT = iphoneos;
				SWIFT_COMPILATION_MODE = wholemodule;
				SWIFT_OPTIMIZATION_LEVEL = "-O";
				VALIDATE_PRODUCT = YES;
			};
			name = Release;
		};
		99544AC82241107D00F459AC /* Debug */ = {
			isa = XCBuildConfiguration;
			baseConfigurationReference = 24F1A9F60B8450D74AB95925 /* Pods-RxSwiftDemo.debug.xcconfig */;
			buildSettings = {
				ASSETCATALOG_COMPILER_APPICON_NAME = AppIcon;
				CODE_SIGN_STYLE = Automatic;
				DEVELOPMENT_TEAM = GLK7J5PP82;
				INFOPLIST_FILE = RxSwiftDemo/Info.plist;
				LD_RUNPATH_SEARCH_PATHS = (
					"$(inherited)",
					"@executable_path/Frameworks",
				);
				PRODUCT_BUNDLE_IDENTIFIER = za.co.dvt.RxSwiftDemo;
				PRODUCT_NAME = "$(TARGET_NAME)";
				SWIFT_VERSION = 4.2;
				TARGETED_DEVICE_FAMILY = "1,2";
			};
			name = Debug;
		};
		99544AC92241107D00F459AC /* Release */ = {
			isa = XCBuildConfiguration;
			baseConfigurationReference = 777F16525C40857374FDE4E3 /* Pods-RxSwiftDemo.release.xcconfig */;
			buildSettings = {
				ASSETCATALOG_COMPILER_APPICON_NAME = AppIcon;
				CODE_SIGN_STYLE = Automatic;
				DEVELOPMENT_TEAM = GLK7J5PP82;
				INFOPLIST_FILE = RxSwiftDemo/Info.plist;
				LD_RUNPATH_SEARCH_PATHS = (
					"$(inherited)",
					"@executable_path/Frameworks",
				);
				PRODUCT_BUNDLE_IDENTIFIER = za.co.dvt.RxSwiftDemo;
				PRODUCT_NAME = "$(TARGET_NAME)";
				SWIFT_VERSION = 4.2;
				TARGETED_DEVICE_FAMILY = "1,2";
			};
			name = Release;
		};
		99544ACB2241107D00F459AC /* Debug */ = {
			isa = XCBuildConfiguration;
			baseConfigurationReference = 58063D11E21FEEF9F8917CB5 /* Pods-RxSwiftDemoTests.debug.xcconfig */;
			buildSettings = {
				ALWAYS_EMBED_SWIFT_STANDARD_LIBRARIES = YES;
				BUNDLE_LOADER = "$(TEST_HOST)";
				CODE_SIGN_STYLE = Automatic;
				DEVELOPMENT_TEAM = GLK7J5PP82;
				INFOPLIST_FILE = RxSwiftDemoTests/Info.plist;
				LD_RUNPATH_SEARCH_PATHS = (
					"$(inherited)",
					"@executable_path/Frameworks",
					"@loader_path/Frameworks",
				);
				PRODUCT_BUNDLE_IDENTIFIER = za.co.dvt.RxSwiftDemoTests;
				PRODUCT_NAME = "$(TARGET_NAME)";
				SWIFT_VERSION = 4.2;
				TARGETED_DEVICE_FAMILY = "1,2";
				TEST_HOST = "$(BUILT_PRODUCTS_DIR)/RxSwiftDemo.app/RxSwiftDemo";
			};
			name = Debug;
		};
		99544ACC2241107D00F459AC /* Release */ = {
			isa = XCBuildConfiguration;
			baseConfigurationReference = D6F2586851330E3FE1A4EBEA /* Pods-RxSwiftDemoTests.release.xcconfig */;
			buildSettings = {
				ALWAYS_EMBED_SWIFT_STANDARD_LIBRARIES = YES;
				BUNDLE_LOADER = "$(TEST_HOST)";
				CODE_SIGN_STYLE = Automatic;
				DEVELOPMENT_TEAM = GLK7J5PP82;
				INFOPLIST_FILE = RxSwiftDemoTests/Info.plist;
				LD_RUNPATH_SEARCH_PATHS = (
					"$(inherited)",
					"@executable_path/Frameworks",
					"@loader_path/Frameworks",
				);
				PRODUCT_BUNDLE_IDENTIFIER = za.co.dvt.RxSwiftDemoTests;
				PRODUCT_NAME = "$(TARGET_NAME)";
				SWIFT_VERSION = 4.2;
				TARGETED_DEVICE_FAMILY = "1,2";
				TEST_HOST = "$(BUILT_PRODUCTS_DIR)/RxSwiftDemo.app/RxSwiftDemo";
			};
			name = Release;
		};
		99DB7C7E226EDD04002498EC /* Debug */ = {
			isa = XCBuildConfiguration;
			buildSettings = {
				ALWAYS_EMBED_SWIFT_STANDARD_LIBRARIES = YES;
				ASSETCATALOG_COMPILER_APPICON_NAME = AppIcon;
				CODE_SIGN_STYLE = Automatic;
				DEVELOPMENT_TEAM = GLK7J5PP82;
				IBSC_MODULE = RxSwiftWatch_Extension;
				INFOPLIST_FILE = RxSwiftWatch/Info.plist;
				PRODUCT_BUNDLE_IDENTIFIER = za.co.dvt.RxSwiftDemo.watchkitapp;
				PRODUCT_NAME = "$(TARGET_NAME)";
				SDKROOT = watchos;
				SKIP_INSTALL = YES;
				SWIFT_VERSION = 5.0;
				TARGETED_DEVICE_FAMILY = 4;
				WATCHOS_DEPLOYMENT_TARGET = 5.2;
			};
			name = Debug;
		};
		99DB7C7F226EDD04002498EC /* Release */ = {
			isa = XCBuildConfiguration;
			buildSettings = {
				ALWAYS_EMBED_SWIFT_STANDARD_LIBRARIES = YES;
				ASSETCATALOG_COMPILER_APPICON_NAME = AppIcon;
				CODE_SIGN_STYLE = Automatic;
				DEVELOPMENT_TEAM = GLK7J5PP82;
				IBSC_MODULE = RxSwiftWatch_Extension;
				INFOPLIST_FILE = RxSwiftWatch/Info.plist;
				PRODUCT_BUNDLE_IDENTIFIER = za.co.dvt.RxSwiftDemo.watchkitapp;
				PRODUCT_NAME = "$(TARGET_NAME)";
				SDKROOT = watchos;
				SKIP_INSTALL = YES;
				SWIFT_VERSION = 5.0;
				TARGETED_DEVICE_FAMILY = 4;
				WATCHOS_DEPLOYMENT_TARGET = 5.2;
			};
			name = Release;
		};
		99DB7C80226EDD04002498EC /* Debug */ = {
			isa = XCBuildConfiguration;
			buildSettings = {
				ASSETCATALOG_COMPILER_COMPLICATION_NAME = Complication;
				CODE_SIGN_STYLE = Automatic;
				DEVELOPMENT_TEAM = GLK7J5PP82;
				INFOPLIST_FILE = "RxSwiftWatch Extension/Info.plist";
				LD_RUNPATH_SEARCH_PATHS = (
					"$(inherited)",
					"@executable_path/Frameworks",
					"@executable_path/../../Frameworks",
				);
				PRODUCT_BUNDLE_IDENTIFIER = za.co.dvt.RxSwiftDemo.watchkitapp.watchkitextension;
				PRODUCT_NAME = "${TARGET_NAME}";
				SDKROOT = watchos;
				SKIP_INSTALL = YES;
				SWIFT_VERSION = 5.0;
				TARGETED_DEVICE_FAMILY = 4;
				WATCHOS_DEPLOYMENT_TARGET = 5.2;
			};
			name = Debug;
		};
		99DB7C81226EDD04002498EC /* Release */ = {
			isa = XCBuildConfiguration;
			buildSettings = {
				ASSETCATALOG_COMPILER_COMPLICATION_NAME = Complication;
				CODE_SIGN_STYLE = Automatic;
				DEVELOPMENT_TEAM = GLK7J5PP82;
				INFOPLIST_FILE = "RxSwiftWatch Extension/Info.plist";
				LD_RUNPATH_SEARCH_PATHS = (
					"$(inherited)",
					"@executable_path/Frameworks",
					"@executable_path/../../Frameworks",
				);
				PRODUCT_BUNDLE_IDENTIFIER = za.co.dvt.RxSwiftDemo.watchkitapp.watchkitextension;
				PRODUCT_NAME = "${TARGET_NAME}";
				SDKROOT = watchos;
				SKIP_INSTALL = YES;
				SWIFT_VERSION = 5.0;
				TARGETED_DEVICE_FAMILY = 4;
				WATCHOS_DEPLOYMENT_TARGET = 5.2;
			};
			name = Release;
		};
/* End XCBuildConfiguration section */

/* Begin XCConfigurationList section */
		99544AA52241107C00F459AC /* Build configuration list for PBXProject "RxSwiftDemo" */ = {
			isa = XCConfigurationList;
			buildConfigurations = (
				99544AC52241107D00F459AC /* Debug */,
				99544AC62241107D00F459AC /* Release */,
			);
			defaultConfigurationIsVisible = 0;
			defaultConfigurationName = Release;
		};
		99544AC72241107D00F459AC /* Build configuration list for PBXNativeTarget "RxSwiftDemo" */ = {
			isa = XCConfigurationList;
			buildConfigurations = (
				99544AC82241107D00F459AC /* Debug */,
				99544AC92241107D00F459AC /* Release */,
			);
			defaultConfigurationIsVisible = 0;
			defaultConfigurationName = Release;
		};
		99544ACA2241107D00F459AC /* Build configuration list for PBXNativeTarget "RxSwiftDemoTests" */ = {
			isa = XCConfigurationList;
			buildConfigurations = (
				99544ACB2241107D00F459AC /* Debug */,
				99544ACC2241107D00F459AC /* Release */,
			);
			defaultConfigurationIsVisible = 0;
			defaultConfigurationName = Release;
		};
		99DB7C82226EDD04002498EC /* Build configuration list for PBXNativeTarget "RxSwiftWatch Extension" */ = {
			isa = XCConfigurationList;
			buildConfigurations = (
				99DB7C80226EDD04002498EC /* Debug */,
				99DB7C81226EDD04002498EC /* Release */,
			);
			defaultConfigurationIsVisible = 0;
			defaultConfigurationName = Release;
		};
		99DB7C84226EDD04002498EC /* Build configuration list for PBXNativeTarget "RxSwiftWatch" */ = {
			isa = XCConfigurationList;
			buildConfigurations = (
				99DB7C7E226EDD04002498EC /* Debug */,
				99DB7C7F226EDD04002498EC /* Release */,
			);
			defaultConfigurationIsVisible = 0;
			defaultConfigurationName = Release;
		};
/* End XCConfigurationList section */
	};
	rootObject = 99544AA22241107C00F459AC /* Project object */;
}
